
Microsoft Visual Studio Solution File, Format Version 12.00
# Visual Studio 2013
VisualStudioVersion = 12.0.31101.0
MinimumVisualStudioVersion = 10.0.40219.1
Project("{FAE04EC0-301F-11D3-BF4B-00C04F79EFBC}") = "ApplicationIntegration.SOAPService2", "SOAPService2\ApplicationIntegration.SOAPService2.csproj", "{20991BBB-1DDA-4379-BFD4-AD50E6C2DBDD}"
EndProject
Project("{FAE04EC0-301F-11D3-BF4B-00C04F79EFBC}") = "ApplicationIntegration.BookLibrary", "ApplicationIntegration.BookLibrary\ApplicationIntegration.BookLibrary.csproj", "{052471DA-4C73-44F6-9157-0145916420EC}"
EndProject
Project("{FAE04EC0-301F-11D3-BF4B-00C04F79EFBC}") = "ApplicationIntegration.BookLibrary.Tests", "ApplicationIntegration.BookLibrary.Tests\ApplicationIntegration.BookLibrary.Tests.csproj", "{24D53A7B-B72B-4598-B951-7A2E91C0FA9B}"
EndProject
Global
	GlobalSection(SolutionConfigurationPlatforms) = preSolution
		Debug|Any CPU = Debug|Any CPU
		Release|Any CPU = Release|Any CPU
	EndGlobalSection
	GlobalSection(ProjectConfigurationPlatforms) = postSolution
		{20991BBB-1DDA-4379-BFD4-AD50E6C2DBDD}.Debug|Any CPU.ActiveCfg = Debug|Any CPU
		{20991BBB-1DDA-4379-BFD4-AD50E6C2DBDD}.Debug|Any CPU.Build.0 = Debug|Any CPU
		{20991BBB-1DDA-4379-BFD4-AD50E6C2DBDD}.Release|Any CPU.ActiveCfg = Release|Any CPU
		{20991BBB-1DDA-4379-BFD4-AD50E6C2DBDD}.Release|Any CPU.Build.0 = Release|Any CPU
		{052471DA-4C73-44F6-9157-0145916420EC}.Debug|Any CPU.ActiveCfg = Debug|Any CPU
		{052471DA-4C73-44F6-9157-0145916420EC}.Debug|Any CPU.Build.0 = Debug|Any CPU
		{052471DA-4C73-44F6-9157-0145916420EC}.Release|Any CPU.ActiveCfg = Release|Any CPU
		{052471DA-4C73-44F6-9157-0145916420EC}.Release|Any CPU.Build.0 = Release|Any CPU
		{24D53A7B-B72B-4598-B951-7A2E91C0FA9B}.Debug|Any CPU.ActiveCfg = Debug|Any CPU
		{24D53A7B-B72B-4598-B951-7A2E91C0FA9B}.Debug|Any CPU.Build.0 = Debug|Any CPU
		{24D53A7B-B72B-4598-B951-7A2E91C0FA9B}.Release|Any CPU.ActiveCfg = Release|Any CPU
		{24D53A7B-B72B-4598-B951-7A2E91C0FA9B}.Release|Any CPU.Build.0 = Release|Any CPU
	EndGlobalSection
	GlobalSection(SolutionProperties) = preSolution
		HideSolutionNode = FALSE
	EndGlobalSection
EndGlobal
